
Microsoft Visual Studio Solution File, Format Version 12.00
# Visual Studio Version 17
VisualStudioVersion = 17.8.34511.84
MinimumVisualStudioVersion = 10.0.40219.1
Project("{9A19103F-16F7-4668-BE54-9A1E7A4F7556}") = "DtekSheduleSendTg", "DtekSheduleSendTg\DtekSheduleSendTg.csproj", "{99BE0CC2-3B55-4165-A9EC-166BE68BA0AC}"
EndProject
Project("{9A19103F-16F7-4668-BE54-9A1E7A4F7556}") = "DtekSheduleSendTg.Tests", "DtekSheduleSendTg.Tests\DtekSheduleSendTg.Tests.csproj", "{63810CFB-7342-4525-8CA1-EFF40CD7052B}"
EndProject
Project("{9A19103F-16F7-4668-BE54-9A1E7A4F7556}") = "RegisterBotConsole", "RegisterBotConsole\RegisterBotConsole.csproj", "{2811B959-71F2-4FE5-9093-75F14B583624}"
EndProject
Project("{FAE04EC0-301F-11D3-BF4B-00C04F79EFBC}") = "Common", "Common\Common.csproj", "{CF175340-6C31-426E-BF13-E441591E7F7A}"
EndProject
Global
	GlobalSection(SolutionConfigurationPlatforms) = preSolution
		Debug|Any CPU = Debug|Any CPU
		Release|Any CPU = Release|Any CPU
	EndGlobalSection
	GlobalSection(ProjectConfigurationPlatforms) = postSolution
		{99BE0CC2-3B55-4165-A9EC-166BE68BA0AC}.Debug|Any CPU.ActiveCfg = Debug|Any CPU
		{99BE0CC2-3B55-4165-A9EC-166BE68BA0AC}.Debug|Any CPU.Build.0 = Debug|Any CPU
		{99BE0CC2-3B55-4165-A9EC-166BE68BA0AC}.Release|Any CPU.ActiveCfg = Release|Any CPU
		{99BE0CC2-3B55-4165-A9EC-166BE68BA0AC}.Release|Any CPU.Build.0 = Release|Any CPU
		{63810CFB-7342-4525-8CA1-EFF40CD7052B}.Debug|Any CPU.ActiveCfg = Debug|Any CPU
		{63810CFB-7342-4525-8CA1-EFF40CD7052B}.Debug|Any CPU.Build.0 = Debug|Any CPU
		{63810CFB-7342-4525-8CA1-EFF40CD7052B}.Release|Any CPU.ActiveCfg = Release|Any CPU
		{63810CFB-7342-4525-8CA1-EFF40CD7052B}.Release|Any CPU.Build.0 = Release|Any CPU
		{2811B959-71F2-4FE5-9093-75F14B583624}.Debug|Any CPU.ActiveCfg = Debug|Any CPU
		{2811B959-71F2-4FE5-9093-75F14B583624}.Debug|Any CPU.Build.0 = Debug|Any CPU
		{2811B959-71F2-4FE5-9093-75F14B583624}.Release|Any CPU.ActiveCfg = Release|Any CPU
		{2811B959-71F2-4FE5-9093-75F14B583624}.Release|Any CPU.Build.0 = Release|Any CPU
		{CF175340-6C31-426E-BF13-E441591E7F7A}.Debug|Any CPU.ActiveCfg = Debug|Any CPU
		{CF175340-6C31-426E-BF13-E441591E7F7A}.Debug|Any CPU.Build.0 = Debug|Any CPU
		{CF175340-6C31-426E-BF13-E441591E7F7A}.Release|Any CPU.ActiveCfg = Release|Any CPU
		{CF175340-6C31-426E-BF13-E441591E7F7A}.Release|Any CPU.Build.0 = Release|Any CPU
	EndGlobalSection
	GlobalSection(SolutionProperties) = preSolution
		HideSolutionNode = FALSE
	EndGlobalSection
	GlobalSection(ExtensibilityGlobals) = postSolution
		SolutionGuid = {EBDF5677-60E2-44B6-923C-4E03BBA6B34E}
	EndGlobalSection
EndGlobal
